<?xml version="1.0" encoding="utf-8"?>
<Project ToolsVersion="4.0" xmlns="http://schemas.microsoft.com/developer/msbuild/2003">
  <ItemGroup>
    <ClCompile Include="vendor\includes\glad\src\glad.c">
      <Filter>GLAD</Filter>
    </ClCompile>
    <ClCompile Include="src\input.cpp">
      <Filter>Source</Filter>
    </ClCompile>
    <ClCompile Include="src\main.cpp">
      <Filter>Source</Filter>
    </ClCompile>
    <ClCompile Include="src\primitives.cpp">
      <Filter>Source</Filter>
    </ClCompile>
    <ClCompile Include="src\shaders.cpp">
      <Filter>Source</Filter>
    </ClCompile>
    <ClCompile Include="src\vertex_buffer.cpp">
      <Filter>Source</Filter>
    </ClCompile>
    <ClCompile Include="src\index_buffer.cpp">
      <Filter>Source</Filter>
    </ClCompile>
    <ClCompile Include="src\utils.cpp">
      <Filter>Source</Filter>
    </ClCompile>
    <ClCompile Include="src\texture.cpp">
      <Filter>Source</Filter>
    </ClCompile>
    <ClCompile Include="src\window.cpp">
      <Filter>Source</Filter>
    </ClCompile>
    <ClCompile Include="src\camera.cpp">
      <Filter>Headers</Filter>
    </ClCompile>
  </ItemGroup>
  <ItemGroup>
    <Filter Include="Headers">
      <UniqueIdentifier>{a4cc6194-212b-4968-a84f-bad4678d1407}</UniqueIdentifier>
    </Filter>
    <Filter Include="Source">
      <UniqueIdentifier>{7413f6bc-ffcd-4a06-84d2-61329d86a2b9}</UniqueIdentifier>
    </Filter>
    <Filter Include="GLAD">
      <UniqueIdentifier>{75e2ac32-db58-43f8-a90c-16d70bfddc83}</UniqueIdentifier>
    </Filter>
    <Filter Include="DLLs">
      <UniqueIdentifier>{27272866-6212-435f-93ae-7088b8aad847}</UniqueIdentifier>
    </Filter>
  </ItemGroup>
  <ItemGroup>
    <ClInclude Include="src\input.h">
      <Filter>Headers</Filter>
    </ClInclude>
    <ClInclude Include="src\primitives.h">
      <Filter>Headers</Filter>
    </ClInclude>
    <ClInclude Include="src\shaders.h">
      <Filter>Headers</Filter>
    </ClInclude>
    <ClInclude Include="src\vertex_buffer.h">
      <Filter>Headers</Filter>
    </ClInclude>
    <ClInclude Include="src\index_buffer.h">
      <Filter>Headers</Filter>
    </ClInclude>
    <ClInclude Include="src\utils.h">
      <Filter>Headers</Filter>
    </ClInclude>
    <ClInclude Include="src\texture.h">
      <Filter>Headers</Filter>
    </ClInclude>
    <ClInclude Include="src\window.h">
      <Filter>Headers</Filter>
    </ClInclude>
    <ClInclude Include="src\camera.h">
      <Filter>Source</Filter>
    </ClInclude>
  </ItemGroup>
  <ItemGroup>
    <CopyFileToFolders Include="vendor\dlls\glew32.dll">
      <Filter>DLLs</Filter>
    </CopyFileToFolders>
  </ItemGroup>
</Project>