<?xml version="1.0" encoding="utf-8"?>
<Project ToolsVersion="4.0" xmlns="http://schemas.microsoft.com/developer/msbuild/2003">
  <ItemGroup>
    <Filter Include="Glad">
      <UniqueIdentifier>{00038465-f23e-4eba-ac4b-28f96f60b7dc}</UniqueIdentifier>
    </Filter>
    <Filter Include="Glad\src">
      <UniqueIdentifier>{6326345e-9b97-483b-987a-bc63471fa2ef}</UniqueIdentifier>
    </Filter>
    <Filter Include="Game">
      <UniqueIdentifier>{4FC737F1-C7A5-4376-A066-2A32D752A2FF}</UniqueIdentifier>
      <Extensions>cpp;c;cc;cxx;c++;cppm;ixx;def;odl;idl;hpj;bat;asm;asmx</Extensions>
    </Filter>
    <Filter Include="Game\Header Files">
      <UniqueIdentifier>{93995380-89BD-4b04-88EB-625FBE52EBFB}</UniqueIdentifier>
      <Extensions>h;hh;hpp;hxx;h++;hm;inl;inc;ipp;xsd</Extensions>
    </Filter>
    <Filter Include="Game\Source Files">
      <UniqueIdentifier>{418a68bf-e8e0-4a5c-ad18-97b146916303}</UniqueIdentifier>
    </Filter>
  </ItemGroup>
  <ItemGroup>
    <ClInclude Include="core.h">
      <Filter>Game\Header Files</Filter>
    </ClInclude>
    <ClInclude Include="input.h">
      <Filter>Game\Header Files</Filter>
    </ClInclude>
    <ClInclude Include="window.h">
      <Filter>Game\Header Files</Filter>
    </ClInclude>
  </ItemGroup>
  <ItemGroup>
    <ClCompile Include="vendor\includes\glad\src\glad.c">
      <Filter>Glad\src</Filter>
    </ClCompile>
    <ClCompile Include="main.cpp">
      <Filter>Game\Source Files</Filter>
    </ClCompile>
    <ClCompile Include="input.cpp">
      <Filter>Game\Source Files</Filter>
    </ClCompile>
    <ClCompile Include="window.cpp">
      <Filter>Game\Source Files</Filter>
    </ClCompile>
  </ItemGroup>
</Project>